
Microsoft Visual Studio Solution File, Format Version 12.00
# Visual Studio 15
VisualStudioVersion = 15.0.27703.2042
MinimumVisualStudioVersion = 10.0.40219.1
Project("{FAE04EC0-301F-11D3-BF4B-00C04F79EFBC}") = "InitializeEnvironment", "InitializeEnvironment\InitializeEnvironment.csproj", "{5F1CB698-3C08-47F4-8F85-8D29A854DC6C}"
EndProject
Global
	GlobalSection(SolutionConfigurationPlatforms) = preSolution
		Debug|Any CPU = Debug|Any CPU
		Release|Any CPU = Release|Any CPU
	EndGlobalSection
	GlobalSection(ProjectConfigurationPlatforms) = postSolution
		{5F1CB698-3C08-47F4-8F85-8D29A854DC6C}.Debug|Any CPU.ActiveCfg = Debug|Any CPU
		{5F1CB698-3C08-47F4-8F85-8D29A854DC6C}.Debug|Any CPU.Build.0 = Debug|Any CPU
		{5F1CB698-3C08-47F4-8F85-8D29A854DC6C}.Release|Any CPU.ActiveCfg = Release|Any CPU
		{5F1CB698-3C08-47F4-8F85-8D29A854DC6C}.Release|Any CPU.Build.0 = Release|Any CPU
	EndGlobalSection
	GlobalSection(SolutionProperties) = preSolution
		HideSolutionNode = FALSE
	EndGlobalSection
	GlobalSection(ExtensibilityGlobals) = postSolution
		SolutionGuid = {A563C996-6DED-4CD8-B76B-BC5B359BD881}
	EndGlobalSection
EndGlobal
